
Microsoft Visual Studio Solution File, Format Version 12.00
# Visual Studio 2013
VisualStudioVersion = 12.0.40629.0
MinimumVisualStudioVersion = 10.0.40219.1
Project("{2150E333-8FDC-42A3-9474-1A3956D46DE8}") = "Tests", "Tests", "{4EBD29DD-21A1-47B5-80DB-F9D58C91BED5}"
EndProject
Project("{FAE04EC0-301F-11D3-BF4B-00C04F79EFBC}") = "ServiceStack", "ServiceStack\ServiceStack.csproj", "{680A1709-25EB-4D52-A87F-EE03FFD94BAA}"
EndProject
Project("{FAE04EC0-301F-11D3-BF4B-00C04F79EFBC}") = "ServiceStack.Common", "ServiceStack.Common\ServiceStack.Common.csproj", "{982416DB-C143-4028-A0C3-CF41892D18D3}"
EndProject
Project("{FAE04EC0-301F-11D3-BF4B-00C04F79EFBC}") = "ServiceStack.Api.Swagger", "ServiceStack.Api.Swagger\ServiceStack.Api.Swagger.csproj", "{01D3F057-7984-498F-8B0A-EB375701E204}"
EndProject
Project("{FAE04EC0-301F-11D3-BF4B-00C04F79EFBC}") = "ServiceStack.Client", "ServiceStack.Client\ServiceStack.Client.csproj", "{C43F583F-ABDE-4DD4-BBE3-66322817A6AD}"
EndProject
Project("{FAE04EC0-301F-11D3-BF4B-00C04F79EFBC}") = "ServiceStack.Interfaces", "ServiceStack.Interfaces\ServiceStack.Interfaces.csproj", "{55942102-033A-4DA8-A6AF-1DB7B2F34A2D}"
EndProject
Global
	GlobalSection(SolutionConfigurationPlatforms) = preSolution
		Debug|Any CPU = Debug|Any CPU
		Debug|Mixed Platforms = Debug|Mixed Platforms
		Debug|x86 = Debug|x86
		Release|Any CPU = Release|Any CPU
		Release|Mixed Platforms = Release|Mixed Platforms
		Release|x86 = Release|x86
		Signed|Any CPU = Signed|Any CPU
		Signed|Mixed Platforms = Signed|Mixed Platforms
		Signed|x86 = Signed|x86
	EndGlobalSection
	GlobalSection(ProjectConfigurationPlatforms) = postSolution
		{680A1709-25EB-4D52-A87F-EE03FFD94BAA}.Debug|Any CPU.ActiveCfg = Debug|Any CPU
		{680A1709-25EB-4D52-A87F-EE03FFD94BAA}.Debug|Any CPU.Build.0 = Debug|Any CPU
		{680A1709-25EB-4D52-A87F-EE03FFD94BAA}.Debug|Mixed Platforms.ActiveCfg = Debug|Any CPU
		{680A1709-25EB-4D52-A87F-EE03FFD94BAA}.Debug|Mixed Platforms.Build.0 = Debug|Any CPU
		{680A1709-25EB-4D52-A87F-EE03FFD94BAA}.Debug|x86.ActiveCfg = Debug|Any CPU
		{680A1709-25EB-4D52-A87F-EE03FFD94BAA}.Debug|x86.Build.0 = Debug|Any CPU
		{680A1709-25EB-4D52-A87F-EE03FFD94BAA}.Release|Any CPU.ActiveCfg = Release|Any CPU
		{680A1709-25EB-4D52-A87F-EE03FFD94BAA}.Release|Any CPU.Build.0 = Release|Any CPU
		{680A1709-25EB-4D52-A87F-EE03FFD94BAA}.Release|Mixed Platforms.ActiveCfg = Release|Any CPU
		{680A1709-25EB-4D52-A87F-EE03FFD94BAA}.Release|Mixed Platforms.Build.0 = Release|Any CPU
		{680A1709-25EB-4D52-A87F-EE03FFD94BAA}.Release|x86.ActiveCfg = Release|Any CPU
		{680A1709-25EB-4D52-A87F-EE03FFD94BAA}.Release|x86.Build.0 = Release|Any CPU
		{680A1709-25EB-4D52-A87F-EE03FFD94BAA}.Signed|Any CPU.ActiveCfg = Signed|Any CPU
		{680A1709-25EB-4D52-A87F-EE03FFD94BAA}.Signed|Any CPU.Build.0 = Signed|Any CPU
		{680A1709-25EB-4D52-A87F-EE03FFD94BAA}.Signed|Mixed Platforms.ActiveCfg = Signed|Any CPU
		{680A1709-25EB-4D52-A87F-EE03FFD94BAA}.Signed|Mixed Platforms.Build.0 = Signed|Any CPU
		{680A1709-25EB-4D52-A87F-EE03FFD94BAA}.Signed|x86.ActiveCfg = Signed|Any CPU
		{982416DB-C143-4028-A0C3-CF41892D18D3}.Debug|Any CPU.ActiveCfg = Debug|Any CPU
		{982416DB-C143-4028-A0C3-CF41892D18D3}.Debug|Any CPU.Build.0 = Debug|Any CPU
		{982416DB-C143-4028-A0C3-CF41892D18D3}.Debug|Mixed Platforms.ActiveCfg = Debug|Any CPU
		{982416DB-C143-4028-A0C3-CF41892D18D3}.Debug|Mixed Platforms.Build.0 = Debug|Any CPU
		{982416DB-C143-4028-A0C3-CF41892D18D3}.Debug|x86.ActiveCfg = Debug|Any CPU
		{982416DB-C143-4028-A0C3-CF41892D18D3}.Debug|x86.Build.0 = Debug|Any CPU
		{982416DB-C143-4028-A0C3-CF41892D18D3}.Release|Any CPU.ActiveCfg = Release|Any CPU
		{982416DB-C143-4028-A0C3-CF41892D18D3}.Release|Any CPU.Build.0 = Release|Any CPU
		{982416DB-C143-4028-A0C3-CF41892D18D3}.Release|Mixed Platforms.ActiveCfg = Release|Any CPU
		{982416DB-C143-4028-A0C3-CF41892D18D3}.Release|Mixed Platforms.Build.0 = Release|Any CPU
		{982416DB-C143-4028-A0C3-CF41892D18D3}.Release|x86.ActiveCfg = Release|Any CPU
		{982416DB-C143-4028-A0C3-CF41892D18D3}.Release|x86.Build.0 = Release|Any CPU
		{982416DB-C143-4028-A0C3-CF41892D18D3}.Signed|Any CPU.ActiveCfg = Signed|Any CPU
		{982416DB-C143-4028-A0C3-CF41892D18D3}.Signed|Any CPU.Build.0 = Signed|Any CPU
		{982416DB-C143-4028-A0C3-CF41892D18D3}.Signed|Mixed Platforms.ActiveCfg = Signed|Any CPU
		{982416DB-C143-4028-A0C3-CF41892D18D3}.Signed|Mixed Platforms.Build.0 = Signed|Any CPU
		{982416DB-C143-4028-A0C3-CF41892D18D3}.Signed|x86.ActiveCfg = Signed|Any CPU
		{01D3F057-7984-498F-8B0A-EB375701E204}.Debug|Any CPU.ActiveCfg = Debug|Any CPU
		{01D3F057-7984-498F-8B0A-EB375701E204}.Debug|Any CPU.Build.0 = Debug|Any CPU
		{01D3F057-7984-498F-8B0A-EB375701E204}.Debug|Mixed Platforms.ActiveCfg = Debug|Any CPU
		{01D3F057-7984-498F-8B0A-EB375701E204}.Debug|Mixed Platforms.Build.0 = Debug|Any CPU
		{01D3F057-7984-498F-8B0A-EB375701E204}.Debug|x86.ActiveCfg = Debug|Any CPU
		{01D3F057-7984-498F-8B0A-EB375701E204}.Release|Any CPU.ActiveCfg = Release|Any CPU
		{01D3F057-7984-498F-8B0A-EB375701E204}.Release|Any CPU.Build.0 = Release|Any CPU
		{01D3F057-7984-498F-8B0A-EB375701E204}.Release|Mixed Platforms.ActiveCfg = Release|Any CPU
		{01D3F057-7984-498F-8B0A-EB375701E204}.Release|Mixed Platforms.Build.0 = Release|Any CPU
		{01D3F057-7984-498F-8B0A-EB375701E204}.Release|x86.ActiveCfg = Release|Any CPU
		{01D3F057-7984-498F-8B0A-EB375701E204}.Signed|Any CPU.ActiveCfg = Signed|Any CPU
		{01D3F057-7984-498F-8B0A-EB375701E204}.Signed|Any CPU.Build.0 = Signed|Any CPU
		{01D3F057-7984-498F-8B0A-EB375701E204}.Signed|Mixed Platforms.ActiveCfg = Signed|Any CPU
		{01D3F057-7984-498F-8B0A-EB375701E204}.Signed|Mixed Platforms.Build.0 = Signed|Any CPU
		{01D3F057-7984-498F-8B0A-EB375701E204}.Signed|x86.ActiveCfg = Signed|Any CPU
		{C43F583F-ABDE-4DD4-BBE3-66322817A6AD}.Debug|Any CPU.ActiveCfg = Debug|Any CPU
		{C43F583F-ABDE-4DD4-BBE3-66322817A6AD}.Debug|Any CPU.Build.0 = Debug|Any CPU
		{C43F583F-ABDE-4DD4-BBE3-66322817A6AD}.Debug|Mixed Platforms.ActiveCfg = Debug|Any CPU
		{C43F583F-ABDE-4DD4-BBE3-66322817A6AD}.Debug|Mixed Platforms.Build.0 = Debug|Any CPU
		{C43F583F-ABDE-4DD4-BBE3-66322817A6AD}.Debug|x86.ActiveCfg = Debug|Any CPU
		{C43F583F-ABDE-4DD4-BBE3-66322817A6AD}.Release|Any CPU.ActiveCfg = Release|Any CPU
		{C43F583F-ABDE-4DD4-BBE3-66322817A6AD}.Release|Any CPU.Build.0 = Release|Any CPU
		{C43F583F-ABDE-4DD4-BBE3-66322817A6AD}.Release|Mixed Platforms.ActiveCfg = Release|Any CPU
		{C43F583F-ABDE-4DD4-BBE3-66322817A6AD}.Release|Mixed Platforms.Build.0 = Release|Any CPU
		{C43F583F-ABDE-4DD4-BBE3-66322817A6AD}.Release|x86.ActiveCfg = Release|Any CPU
		{C43F583F-ABDE-4DD4-BBE3-66322817A6AD}.Signed|Any CPU.ActiveCfg = Signed|Any CPU
		{C43F583F-ABDE-4DD4-BBE3-66322817A6AD}.Signed|Any CPU.Build.0 = Signed|Any CPU
		{C43F583F-ABDE-4DD4-BBE3-66322817A6AD}.Signed|Mixed Platforms.ActiveCfg = Signed|Any CPU
		{C43F583F-ABDE-4DD4-BBE3-66322817A6AD}.Signed|Mixed Platforms.Build.0 = Signed|Any CPU
		{C43F583F-ABDE-4DD4-BBE3-66322817A6AD}.Signed|x86.ActiveCfg = Signed|Any CPU
		{55942102-033A-4DA8-A6AF-1DB7B2F34A2D}.Debug|Any CPU.ActiveCfg = Debug|Any CPU
		{55942102-033A-4DA8-A6AF-1DB7B2F34A2D}.Debug|Any CPU.Build.0 = Debug|Any CPU
		{55942102-033A-4DA8-A6AF-1DB7B2F34A2D}.Debug|Mixed Platforms.ActiveCfg = Debug|Any CPU
		{55942102-033A-4DA8-A6AF-1DB7B2F34A2D}.Debug|Mixed Platforms.Build.0 = Debug|Any CPU
		{55942102-033A-4DA8-A6AF-1DB7B2F34A2D}.Debug|x86.ActiveCfg = Debug|Any CPU
		{55942102-033A-4DA8-A6AF-1DB7B2F34A2D}.Release|Any CPU.ActiveCfg = Release|Any CPU
		{55942102-033A-4DA8-A6AF-1DB7B2F34A2D}.Release|Any CPU.Build.0 = Release|Any CPU
		{55942102-033A-4DA8-A6AF-1DB7B2F34A2D}.Release|Mixed Platforms.ActiveCfg = Release|Any CPU
		{55942102-033A-4DA8-A6AF-1DB7B2F34A2D}.Release|Mixed Platforms.Build.0 = Release|Any CPU
		{55942102-033A-4DA8-A6AF-1DB7B2F34A2D}.Release|x86.ActiveCfg = Release|Any CPU
		{55942102-033A-4DA8-A6AF-1DB7B2F34A2D}.Signed|Any CPU.ActiveCfg = Release|Any CPU
		{55942102-033A-4DA8-A6AF-1DB7B2F34A2D}.Signed|Any CPU.Build.0 = Release|Any CPU
		{55942102-033A-4DA8-A6AF-1DB7B2F34A2D}.Signed|Mixed Platforms.ActiveCfg = Release|Any CPU
		{55942102-033A-4DA8-A6AF-1DB7B2F34A2D}.Signed|Mixed Platforms.Build.0 = Release|Any CPU
		{55942102-033A-4DA8-A6AF-1DB7B2F34A2D}.Signed|x86.ActiveCfg = Release|Any CPU
	EndGlobalSection
	GlobalSection(SolutionProperties) = preSolution
		HideSolutionNode = FALSE
	EndGlobalSection
	GlobalSection(MonoDevelopProperties) = preSolution
		StartupItem = ..\tests\RazorRockstars.Console\RazorRockstars.Console.csproj
		Policies = $0
		$0.DotNetNamingPolicy = $1
		$1.DirectoryNamespaceAssociation = None
		$1.ResourceNamePolicy = FileFormatDefault
		$0.StandardHeader = $2
		$2.Text = 
		$2.IncludeInNewFiles = True
		$0.VersionControlPolicy = $3
		$3.inheritsSet = Mono
		$0.ChangeLogPolicy = $4
		$4.UpdateMode = None
		$4.MessageStyle = $5
		$5.LineAlign = 0
		$4.inheritsSet = Mono
	EndGlobalSection
EndGlobal
